
Microsoft Visual Studio Solution File, Format Version 12.00
# Visual Studio 15
VisualStudioVersion = 15.0.26430.16
MinimumVisualStudioVersion = 10.0.40219.1
Project("{9092AA53-FB77-4645-B42D-1CCCA6BD08BD}") = "WebServices", "WebServices\WebServices.njsproj", "{47C1CAEC-8565-4271-92E1-3AED2D54732D}"
EndProject
Project("{FAE04EC0-301F-11D3-BF4B-00C04F79EFBC}") = "ContactManagementApp", "ContactManagementApp\ContactManagementApp.csproj", "{B722DFC4-F007-4389-92FD-64E01BA4C19B}"
EndProject
Project("{FAE04EC0-301F-11D3-BF4B-00C04F79EFBC}") = "ContactManagement.UnitTests", "ContactManagement.UnitTests\ContactManagement.UnitTests.csproj", "{C53926B7-10AD-4492-812C-F0281522EE1F}"
EndProject
Global
	GlobalSection(SolutionConfigurationPlatforms) = preSolution
		Debug|Any CPU = Debug|Any CPU
		Release|Any CPU = Release|Any CPU
	EndGlobalSection
	GlobalSection(ProjectConfigurationPlatforms) = postSolution
		{47C1CAEC-8565-4271-92E1-3AED2D54732D}.Debug|Any CPU.ActiveCfg = Debug|Any CPU
		{47C1CAEC-8565-4271-92E1-3AED2D54732D}.Debug|Any CPU.Build.0 = Debug|Any CPU
		{47C1CAEC-8565-4271-92E1-3AED2D54732D}.Release|Any CPU.ActiveCfg = Release|Any CPU
		{47C1CAEC-8565-4271-92E1-3AED2D54732D}.Release|Any CPU.Build.0 = Release|Any CPU
		{B722DFC4-F007-4389-92FD-64E01BA4C19B}.Debug|Any CPU.ActiveCfg = Debug|Any CPU
		{B722DFC4-F007-4389-92FD-64E01BA4C19B}.Debug|Any CPU.Build.0 = Debug|Any CPU
		{B722DFC4-F007-4389-92FD-64E01BA4C19B}.Release|Any CPU.ActiveCfg = Release|Any CPU
		{B722DFC4-F007-4389-92FD-64E01BA4C19B}.Release|Any CPU.Build.0 = Release|Any CPU
		{C53926B7-10AD-4492-812C-F0281522EE1F}.Debug|Any CPU.ActiveCfg = Debug|Any CPU
		{C53926B7-10AD-4492-812C-F0281522EE1F}.Debug|Any CPU.Build.0 = Debug|Any CPU
		{C53926B7-10AD-4492-812C-F0281522EE1F}.Release|Any CPU.ActiveCfg = Release|Any CPU
		{C53926B7-10AD-4492-812C-F0281522EE1F}.Release|Any CPU.Build.0 = Release|Any CPU
	EndGlobalSection
	GlobalSection(SolutionProperties) = preSolution
		HideSolutionNode = FALSE
	EndGlobalSection
EndGlobal
